<?xml version="1.0" encoding="utf-8"?>
<Project ToolsVersion="4.0" xmlns="http://schemas.microsoft.com/developer/msbuild/2003">
  <ItemGroup>
    <Filter Include="UTILITY">
      <UniqueIdentifier>{fd4f5329-f357-4486-b34c-7401d8d9f761}</UniqueIdentifier>
    </Filter>
    <Filter Include="ENGINE">
      <UniqueIdentifier>{2d30408b-f788-42a8-9648-41561036e10a}</UniqueIdentifier>
    </Filter>
    <Filter Include="ENGINE\Common">
      <UniqueIdentifier>{3c39405f-ec30-4b72-9c32-68aefb4fb7a5}</UniqueIdentifier>
    </Filter>
    <Filter Include="ENGINE\Graphics">
      <UniqueIdentifier>{3d5f1098-95e6-4baa-9e39-864be28a5b64}</UniqueIdentifier>
    </Filter>
    <Filter Include="ENGINE\Helpers">
      <UniqueIdentifier>{4342ecc7-471b-4218-9acb-2b5b8e2e10f2}</UniqueIdentifier>
    </Filter>
    <Filter Include="ENGINE\Network">
      <UniqueIdentifier>{c5d86df2-c519-488e-a98a-ba1eab3d19c3}</UniqueIdentifier>
    </Filter>
    <Filter Include="ENGINE\Audio">
      <UniqueIdentifier>{76f7fa22-7992-4b49-b4d2-cc24be672869}</UniqueIdentifier>
    </Filter>
    <Filter Include="ENGINE\Input">
      <UniqueIdentifier>{88972c7f-23ab-41db-8699-87d96c59b09c}</UniqueIdentifier>
    </Filter>
    <Filter Include="ENGINE\Tools">
      <UniqueIdentifier>{5ac4a1c9-91a8-4d52-9cd6-6139a848a2f3}</UniqueIdentifier>
    </Filter>
    <Filter Include="ENGINE\Graphics\API">
      <UniqueIdentifier>{4cb4ddc4-c5a9-483b-b6cf-2c4382340e7a}</UniqueIdentifier>
    </Filter>
    <Filter Include="ENGINE\System">
      <UniqueIdentifier>{f9156b5b-9cc8-436c-9faa-536f7dce4f27}</UniqueIdentifier>
    </Filter>
    <Filter Include="ENGINE\High level interface">
      <UniqueIdentifier>{a25b4076-72bb-4c78-8bc1-84c59a8984fd}</UniqueIdentifier>
    </Filter>
    <Filter Include="ENGINE\Video">
      <UniqueIdentifier>{7cb35feb-169d-4eb9-b90c-61418a8e99df}</UniqueIdentifier>
    </Filter>
    <Filter Include="UTILITY\meshoptimizer">
      <UniqueIdentifier>{5634b6ae-7f51-48ed-8a33-a5be8a31a56b}</UniqueIdentifier>
    </Filter>
  </ItemGroup>
  <ItemGroup>
    <ClInclude Include="$(MSBuildThisFileDirectory)wiVersion.h">
      <Filter>ENGINE</Filter>
    </ClInclude>
    <ClInclude Include="$(MSBuildThisFileDirectory)CommonInclude.h">
      <Filter>ENGINE\Common</Filter>
    </ClInclude>
    <ClInclude Include="$(MSBuildThisFileDirectory)WickedEngine.h">
      <Filter>ENGINE\Common</Filter>
    </ClInclude>
    <ClInclude Include="$(MSBuildThisFileDirectory)wiApplication.h">
      <Filter>ENGINE\High level interface</Filter>
    </ClInclude>
    <ClInclude Include="$(MSBuildThisFileDirectory)wiImage.h">
      <Filter>ENGINE\Graphics</Filter>
    </ClInclude>
    <ClInclude Include="$(MSBuildThisFileDirectory)wiHairParticle.h">
      <Filter>ENGINE\Graphics</Filter>
    </ClInclude>
    <ClInclude Include="$(MSBuildThisFileDirectory)wiEmittedParticle.h">
      <Filter>ENGINE\Graphics</Filter>
    </ClInclude>
    <ClInclude Include="$(MSBuildThisFileDirectory)wiRenderer.h">
      <Filter>ENGINE\Graphics</Filter>
    </ClInclude>
    <ClInclude Include="$(MSBuildThisFileDirectory)wiSprite.h">
      <Filter>ENGINE\Graphics</Filter>
    </ClInclude>
    <ClInclude Include="$(MSBuildThisFileDirectory)wiFont.h">
      <Filter>ENGINE\Graphics</Filter>
    </ClInclude>
    <ClInclude Include="$(MSBuildThisFileDirectory)wiEnums.h">
      <Filter>ENGINE\Graphics</Filter>
    </ClInclude>
    <ClInclude Include="$(MSBuildThisFileDirectory)wiColor.h">
      <Filter>ENGINE\Helpers</Filter>
    </ClInclude>
    <ClInclude Include="$(MSBuildThisFileDirectory)wiMath.h">
      <Filter>ENGINE\Helpers</Filter>
    </ClInclude>
    <ClInclude Include="$(MSBuildThisFileDirectory)wiRandom.h">
      <Filter>ENGINE\Helpers</Filter>
    </ClInclude>
    <ClInclude Include="$(MSBuildThisFileDirectory)wiTimer.h">
      <Filter>ENGINE\Helpers</Filter>
    </ClInclude>
    <ClInclude Include="$(MSBuildThisFileDirectory)wiTextureHelper.h">
      <Filter>ENGINE\Graphics</Filter>
    </ClInclude>
    <ClInclude Include="$(MSBuildThisFileDirectory)wiHelper.h">
      <Filter>ENGINE\Helpers</Filter>
    </ClInclude>
    <ClInclude Include="$(MSBuildThisFileDirectory)wiResourceManager.h">
      <Filter>ENGINE\Helpers</Filter>
    </ClInclude>
    <ClInclude Include="$(MSBuildThisFileDirectory)wiFadeManager.h">
      <Filter>ENGINE\Helpers</Filter>
    </ClInclude>
    <ClInclude Include="$(MSBuildThisFileDirectory)wiXInput.h">
      <Filter>ENGINE\Input</Filter>
    </ClInclude>
    <ClInclude Include="$(MSBuildThisFileDirectory)wiRawInput.h">
      <Filter>ENGINE\Input</Filter>
    </ClInclude>
    <ClInclude Include="$(MSBuildThisFileDirectory)wiBacklog.h">
      <Filter>ENGINE\Tools</Filter>
    </ClInclude>
    <ClInclude Include="$(MSBuildThisFileDirectory)wiArchive.h">
      <Filter>ENGINE\Helpers</Filter>
    </ClInclude>
    <ClInclude Include="$(MSBuildThisFileDirectory)wiSpinLock.h">
      <Filter>ENGINE\Helpers</Filter>
    </ClInclude>
    <ClInclude Include="$(MSBuildThisFileDirectory)wiRectPacker.h">
      <Filter>ENGINE\Helpers</Filter>
    </ClInclude>
    <ClInclude Include="$(MSBuildThisFileDirectory)wiGraphicsDevice.h">
      <Filter>ENGINE\Graphics\API</Filter>
    </ClInclude>
    <ClInclude Include="$(MSBuildThisFileDirectory)wiFFTGenerator.h">
      <Filter>ENGINE\Graphics</Filter>
    </ClInclude>
    <ClInclude Include="$(MSBuildThisFileDirectory)wiOcean.h">
      <Filter>ENGINE\Graphics</Filter>
    </ClInclude>
    <ClInclude Include="$(MSBuildThisFileDirectory)wiGraphicsDevice_DX12.h">
      <Filter>ENGINE\Graphics\API</Filter>
    </ClInclude>
    <ClInclude Include="$(MSBuildThisFileDirectory)Utility\d3dx12.h">
      <Filter>UTILITY</Filter>
    </ClInclude>
    <ClInclude Include="$(MSBuildThisFileDirectory)wiGraphicsDevice_Vulkan.h">
      <Filter>ENGINE\Graphics\API</Filter>
    </ClInclude>
    <ClInclude Include="$(MSBuildThisFileDirectory)Utility\stb_image.h">
      <Filter>UTILITY</Filter>
    </ClInclude>
    <ClInclude Include="$(MSBuildThisFileDirectory)wiArguments.h">
      <Filter>ENGINE\Helpers</Filter>
    </ClInclude>
    <ClInclude Include="$(MSBuildThisFileDirectory)wiGPUSortLib.h">
      <Filter>ENGINE\Graphics</Filter>
    </ClInclude>
    <ClInclude Include="$(MSBuildThisFileDirectory)Utility\stb_image_write.h">
      <Filter>UTILITY</Filter>
    </ClInclude>
    <ClInclude Include="$(MSBuildThisFileDirectory)wiECS.h">
      <Filter>ENGINE\System</Filter>
    </ClInclude>
    <ClInclude Include="$(MSBuildThisFileDirectory)wiGPUBVH.h">
      <Filter>ENGINE\Graphics</Filter>
    </ClInclude>
    <ClInclude Include="$(MSBuildThisFileDirectory)Utility\stb_truetype.h">
      <Filter>UTILITY</Filter>
    </ClInclude>
    <ClInclude Include="$(MSBuildThisFileDirectory)wiRenderPath.h">
      <Filter>ENGINE\High level interface</Filter>
    </ClInclude>
    <ClInclude Include="$(MSBuildThisFileDirectory)wiRenderPath2D.h">
      <Filter>ENGINE\High level interface</Filter>
    </ClInclude>
    <ClInclude Include="$(MSBuildThisFileDirectory)wiRenderPath3D.h">
      <Filter>ENGINE\High level interface</Filter>
    </ClInclude>
    <ClInclude Include="$(MSBuildThisFileDirectory)wiLoadingScreen.h">
      <Filter>ENGINE\High level interface</Filter>
    </ClInclude>
    <ClInclude Include="$(MSBuildThisFileDirectory)wiJobSystem.h">
      <Filter>ENGINE\System</Filter>
    </ClInclude>
    <ClInclude Include="$(MSBuildThisFileDirectory)wiInitializer.h">
      <Filter>ENGINE\System</Filter>
    </ClInclude>
    <ClInclude Include="$(MSBuildThisFileDirectory)wiPrimitive.h">
      <Filter>ENGINE\Helpers</Filter>
    </ClInclude>
    <ClInclude Include="$(MSBuildThisFileDirectory)wiAudio.h">
      <Filter>ENGINE\Audio</Filter>
    </ClInclude>
    <ClInclude Include="$(MSBuildThisFileDirectory)wiNetwork.h">
      <Filter>ENGINE\Network</Filter>
    </ClInclude>
    <ClInclude Include="$(MSBuildThisFileDirectory)Utility\vk_mem_alloc.h">
      <Filter>UTILITY</Filter>
    </ClInclude>
    <ClInclude Include="$(MSBuildThisFileDirectory)Utility\D3D12MemAlloc.h">
      <Filter>UTILITY</Filter>
    </ClInclude>
    <ClInclude Include="$(MSBuildThisFileDirectory)wiInput.h">
      <Filter>ENGINE\Input</Filter>
    </ClInclude>
    <ClInclude Include="$(MSBuildThisFileDirectory)wiScene.h">
      <Filter>ENGINE\System</Filter>
    </ClInclude>
    <ClInclude Include="$(MSBuildThisFileDirectory)wiScene_Decl.h">
      <Filter>ENGINE\System</Filter>
    </ClInclude>
    <ClInclude Include="$(MSBuildThisFileDirectory)wiPlatform.h">
      <Filter>ENGINE\System</Filter>
    </ClInclude>
    <ClInclude Include="$(MSBuildThisFileDirectory)wiProfiler.h">
      <Filter>ENGINE\Tools</Filter>
    </ClInclude>
    <ClInclude Include="$(MSBuildThisFileDirectory)wiGraphics.h">
      <Filter>ENGINE\Graphics\API</Filter>
    </ClInclude>
    <ClInclude Include="$(MSBuildThisFileDirectory)wiSpriteFont.h">
      <Filter>ENGINE\Graphics</Filter>
    </ClInclude>
    <ClInclude Include="$(MSBuildThisFileDirectory)Utility\DirectXCollision.h">
      <Filter>UTILITY</Filter>
    </ClInclude>
    <ClInclude Include="$(MSBuildThisFileDirectory)Utility\DirectXColors.h">
      <Filter>UTILITY</Filter>
    </ClInclude>
    <ClInclude Include="$(MSBuildThisFileDirectory)Utility\DirectXMath.h">
      <Filter>UTILITY</Filter>
    </ClInclude>
    <ClInclude Include="$(MSBuildThisFileDirectory)Utility\DirectXPackedVector.h">
      <Filter>UTILITY</Filter>
    </ClInclude>
    <ClInclude Include="$(MSBuildThisFileDirectory)Utility\sal.h">
      <Filter>UTILITY</Filter>
    </ClInclude>
    <ClInclude Include="$(MSBuildThisFileDirectory)Utility\DirectXMathCommon.h">
      <Filter>UTILITY</Filter>
    </ClInclude>
    <ClInclude Include="$(MSBuildThisFileDirectory)Utility\GLSL.std.450.h">
      <Filter>UTILITY</Filter>
    </ClInclude>
    <ClInclude Include="$(MSBuildThisFileDirectory)wiEventHandler.h">
      <Filter>ENGINE\System</Filter>
    </ClInclude>
    <ClInclude Include="$(MSBuildThisFileDirectory)wiSDLInput.h">
      <Filter>ENGINE\Input</Filter>
    </ClInclude>
    <ClInclude Include="$(MSBuildThisFileDirectory)Utility\volk.h">
      <Filter>UTILITY</Filter>
    </ClInclude>
    <ClInclude Include="$(MSBuildThisFileDirectory)Utility\liberation_sans.h">
      <Filter>UTILITY</Filter>
    </ClInclude>
    <ClInclude Include="$(MSBuildThisFileDirectory)wiShaderCompiler.h">
      <Filter>ENGINE\Graphics\API</Filter>
    </ClInclude>
    <ClInclude Include="$(MSBuildThisFileDirectory)Utility\dxcapi.h">
      <Filter>UTILITY</Filter>
    </ClInclude>
    <ClInclude Include="$(MSBuildThisFileDirectory)wiCanvas.h">
      <Filter>ENGINE\System</Filter>
    </ClInclude>
    <ClInclude Include="$(MSBuildThisFileDirectory)wiRenderPath3D_PathTracing.h">
      <Filter>ENGINE\High level interface</Filter>
    </ClInclude>
    <ClInclude Include="$(MSBuildThisFileDirectory)Utility\flat_hash_map.hpp">
      <Filter>UTILITY</Filter>
    </ClInclude>
    <ClInclude Include="$(MSBuildThisFileDirectory)wiUnorderedSet.h">
      <Filter>ENGINE\Helpers</Filter>
    </ClInclude>
    <ClInclude Include="$(MSBuildThisFileDirectory)wiUnorderedMap.h">
      <Filter>ENGINE\Helpers</Filter>
    </ClInclude>
    <ClInclude Include="$(MSBuildThisFileDirectory)wiVector.h">
      <Filter>ENGINE\Helpers</Filter>
    </ClInclude>
    <ClInclude Include="$(MSBuildThisFileDirectory)wiGUI.h">
      <Filter>ENGINE\System</Filter>
    </ClInclude>
    <ClInclude Include="$(MSBuildThisFileDirectory)wiNoise.h">
      <Filter>ENGINE\Helpers</Filter>
    </ClInclude>
    <ClInclude Include="$(MSBuildThisFileDirectory)wiConfig.h">
      <Filter>ENGINE\Helpers</Filter>
    </ClInclude>
    <ClInclude Include="$(MSBuildThisFileDirectory)wiTerrain.h">
      <Filter>ENGINE\Graphics</Filter>
    </ClInclude>
    <ClInclude Include="$(MSBuildThisFileDirectory)wiScene_Components.h">
      <Filter>ENGINE\System</Filter>
    </ClInclude>
    <ClInclude Include="$(MSBuildThisFileDirectory)wiAllocator.h">
      <Filter>ENGINE\Helpers</Filter>
    </ClInclude>
    <ClInclude Include="$(MSBuildThisFileDirectory)wiBVH.h">
      <Filter>ENGINE\Helpers</Filter>
    </ClInclude>
    <ClInclude Include="$(MSBuildThisFileDirectory)wiLocalization.h">
      <Filter>ENGINE\Helpers</Filter>
    </ClInclude>
    <ClInclude Include="$(MSBuildThisFileDirectory)Utility\pugiconfig.hpp">
      <Filter>UTILITY</Filter>
    </ClInclude>
    <ClInclude Include="$(MSBuildThisFileDirectory)Utility\pugixml.hpp">
      <Filter>UTILITY</Filter>
    </ClInclude>
    <ClInclude Include="$(MSBuildThisFileDirectory)Utility\minimp4.h">
      <Filter>UTILITY</Filter>
    </ClInclude>
    <ClInclude Include="$(MSBuildThisFileDirectory)wiVideo.h">
      <Filter>ENGINE\Video</Filter>
    </ClInclude>
    <ClInclude Include="$(MSBuildThisFileDirectory)Utility\h264.h">
      <Filter>UTILITY</Filter>
    </ClInclude>
    <ClInclude Include="$(MSBuildThisFileDirectory)Utility\dxva.h">
      <Filter>UTILITY</Filter>
    </ClInclude>
    <ClInclude Include="$(MSBuildThisFileDirectory)Utility\dds.h">
      <Filter>UTILITY</Filter>
    </ClInclude>
    <ClInclude Include="$(MSBuildThisFileDirectory)Utility\lodepng.h">
      <Filter>UTILITY</Filter>
    </ClInclude>
    <ClInclude Include="$(MSBuildThisFileDirectory)wiVoxelGrid.h">
      <Filter>ENGINE\Helpers</Filter>
    </ClInclude>
    <ClInclude Include="$(MSBuildThisFileDirectory)wiPathQuery.h">
      <Filter>ENGINE\Helpers</Filter>
    </ClInclude>
    <ClInclude Include="$(MSBuildThisFileDirectory)wiTrailRenderer.h">
      <Filter>ENGINE\Graphics</Filter>
    </ClInclude>
    <ClInclude Include="$(MSBuildThisFileDirectory)Utility\WinAdapter.h">
      <Filter>UTILITY</Filter>
    </ClInclude>
    <ClInclude Include="$(MSBuildThisFileDirectory)Utility\meshoptimizer\meshoptimizer.h">
      <Filter>UTILITY\meshoptimizer</Filter>
    </ClInclude>
    <ClInclude Include="$(MSBuildThisFileDirectory)Utility\offsetAllocator.hpp">
      <Filter>UTILITY</Filter>
    </ClInclude>
    <ClInclude Include="$(MSBuildThisFileDirectory)Utility\win32ico.h">
      <Filter>UTILITY</Filter>
    </ClInclude>
    <ClInclude Include="$(MSBuildThisFileDirectory)wiFunction.h">
      <Filter>ENGINE\Helpers</Filter>
    </ClInclude>
    <ClInclude Include="$(MSBuildThisFileDirectory)Utility\spirv_reflect.h">
      <Filter>UTILITY</Filter>
    </ClInclude>
    <ClInclude Include="$(MSBuildThisFileDirectory)wiGaussianSplatModel.h">
      <Filter>ENGINE\Graphics</Filter>
    </ClInclude>
  </ItemGroup>
  <ItemGroup>
    <ClCompile Include="$(MSBuildThisFileDirectory)wiVersion.cpp">
      <Filter>ENGINE</Filter>
    </ClCompile>
    <ClCompile Include="$(MSBuildThisFileDirectory)wiApplication.cpp">
      <Filter>ENGINE\High level interface</Filter>
    </ClCompile>
    <ClCompile Include="$(MSBuildThisFileDirectory)wiImage.cpp">
      <Filter>ENGINE\Graphics</Filter>
    </ClCompile>
    <ClCompile Include="$(MSBuildThisFileDirectory)wiHairParticle.cpp">
      <Filter>ENGINE\Graphics</Filter>
    </ClCompile>
    <ClCompile Include="$(MSBuildThisFileDirectory)wiEmittedParticle.cpp">
      <Filter>ENGINE\Graphics</Filter>
    </ClCompile>
    <ClCompile Include="$(MSBuildThisFileDirectory)wiRenderer.cpp">
      <Filter>ENGINE\Graphics</Filter>
    </ClCompile>
    <ClCompile Include="$(MSBuildThisFileDirectory)wiSprite.cpp">
      <Filter>ENGINE\Graphics</Filter>
    </ClCompile>
    <ClCompile Include="$(MSBuildThisFileDirectory)wiFont.cpp">
      <Filter>ENGINE\Graphics</Filter>
    </ClCompile>
    <ClCompile Include="$(MSBuildThisFileDirectory)wiMath.cpp">
      <Filter>ENGINE\Helpers</Filter>
    </ClCompile>
    <ClCompile Include="$(MSBuildThisFileDirectory)wiRandom.cpp">
      <Filter>ENGINE\Helpers</Filter>
    </ClCompile>
    <ClCompile Include="$(MSBuildThisFileDirectory)wiTextureHelper.cpp">
      <Filter>ENGINE\Graphics</Filter>
    </ClCompile>
    <ClCompile Include="$(MSBuildThisFileDirectory)wiHelper.cpp">
      <Filter>ENGINE\Helpers</Filter>
    </ClCompile>
    <ClCompile Include="$(MSBuildThisFileDirectory)wiResourceManager.cpp">
      <Filter>ENGINE\Helpers</Filter>
    </ClCompile>
    <ClCompile Include="$(MSBuildThisFileDirectory)wiFadeManager.cpp">
      <Filter>ENGINE\Helpers</Filter>
    </ClCompile>
    <ClCompile Include="$(MSBuildThisFileDirectory)wiXInput.cpp">
      <Filter>ENGINE\Input</Filter>
    </ClCompile>
    <ClCompile Include="$(MSBuildThisFileDirectory)wiRawInput.cpp">
      <Filter>ENGINE\Input</Filter>
    </ClCompile>
    <ClCompile Include="$(MSBuildThisFileDirectory)wiBacklog.cpp">
      <Filter>ENGINE\Tools</Filter>
    </ClCompile>
    <ClCompile Include="$(MSBuildThisFileDirectory)wiArchive.cpp">
      <Filter>ENGINE\Helpers</Filter>
    </ClCompile>
    <ClCompile Include="$(MSBuildThisFileDirectory)wiFFTGenerator.cpp">
      <Filter>ENGINE\Graphics</Filter>
    </ClCompile>
    <ClCompile Include="$(MSBuildThisFileDirectory)wiOcean.cpp">
      <Filter>ENGINE\Graphics</Filter>
    </ClCompile>
    <ClCompile Include="$(MSBuildThisFileDirectory)wiGraphicsDevice_DX12.cpp">
      <Filter>ENGINE\Graphics\API</Filter>
    </ClCompile>
    <ClCompile Include="$(MSBuildThisFileDirectory)wiGraphicsDevice_Vulkan.cpp">
      <Filter>ENGINE\Graphics\API</Filter>
    </ClCompile>
    <ClCompile Include="$(MSBuildThisFileDirectory)wiArguments.cpp">
      <Filter>ENGINE\Helpers</Filter>
    </ClCompile>
    <ClCompile Include="$(MSBuildThisFileDirectory)wiGPUSortLib.cpp">
      <Filter>ENGINE\Graphics</Filter>
    </ClCompile>
    <ClCompile Include="$(MSBuildThisFileDirectory)Utility\utility_common.cpp">
      <Filter>UTILITY</Filter>
    </ClCompile>
    <ClCompile Include="$(MSBuildThisFileDirectory)wiGPUBVH.cpp">
      <Filter>ENGINE\Graphics</Filter>
    </ClCompile>
    <ClCompile Include="$(MSBuildThisFileDirectory)wiRenderPath2D.cpp">
      <Filter>ENGINE\High level interface</Filter>
    </ClCompile>
    <ClCompile Include="$(MSBuildThisFileDirectory)wiRenderPath3D.cpp">
      <Filter>ENGINE\High level interface</Filter>
    </ClCompile>
    <ClCompile Include="$(MSBuildThisFileDirectory)wiRenderPath3D_PathTracing.cpp">
      <Filter>ENGINE\High level interface</Filter>
    </ClCompile>
    <ClCompile Include="$(MSBuildThisFileDirectory)wiLoadingScreen.cpp">
      <Filter>ENGINE\High level interface</Filter>
    </ClCompile>
    <ClCompile Include="$(MSBuildThisFileDirectory)wiJobSystem.cpp">
      <Filter>ENGINE\System</Filter>
    </ClCompile>
    <ClCompile Include="$(MSBuildThisFileDirectory)wiInitializer.cpp">
      <Filter>ENGINE\System</Filter>
    </ClCompile>
    <ClCompile Include="$(MSBuildThisFileDirectory)wiPrimitive.cpp">
      <Filter>ENGINE\Helpers</Filter>
    </ClCompile>
    <ClCompile Include="$(MSBuildThisFileDirectory)wiAudio.cpp">
      <Filter>ENGINE\Audio</Filter>
    </ClCompile>
    <ClCompile Include="$(MSBuildThisFileDirectory)wiNetwork_Windows.cpp">
      <Filter>ENGINE\Network</Filter>
    </ClCompile>
    <ClCompile Include="$(MSBuildThisFileDirectory)wiInput.cpp">
      <Filter>ENGINE\Input</Filter>
    </ClCompile>
    <ClCompile Include="$(MSBuildThisFileDirectory)wiScene.cpp">
      <Filter>ENGINE\System</Filter>
    </ClCompile>
    <ClCompile Include="$(MSBuildThisFileDirectory)wiScene_Serializers.cpp">
      <Filter>ENGINE\System</Filter>
    </ClCompile>
    <ClCompile Include="$(MSBuildThisFileDirectory)wiProfiler.cpp">
      <Filter>ENGINE\Tools</Filter>
    </ClCompile>
    <ClCompile Include="$(MSBuildThisFileDirectory)wiSpriteFont.cpp">
      <Filter>ENGINE\Graphics</Filter>
    </ClCompile>
    <ClCompile Include="$(MSBuildThisFileDirectory)wiNetwork_Linux.cpp">
      <Filter>ENGINE\Network</Filter>
    </ClCompile>
    <ClCompile Include="$(MSBuildThisFileDirectory)wiEventHandler.cpp">
      <Filter>ENGINE\System</Filter>
    </ClCompile>
    <ClCompile Include="$(MSBuildThisFileDirectory)wiSDLInput.cpp">
      <Filter>ENGINE\Input</Filter>
    </ClCompile>
    <ClCompile Include="$(MSBuildThisFileDirectory)Utility\stb_vorbis.c">
      <Filter>UTILITY</Filter>
    </ClCompile>
    <ClCompile Include="$(MSBuildThisFileDirectory)wiShaderCompiler.cpp">
      <Filter>ENGINE\Graphics\API</Filter>
    </ClCompile>
    <ClCompile Include="$(MSBuildThisFileDirectory)Utility\samplerBlueNoiseErrorDistribution_128x128_OptimizedFor_2d2d2d2d_1spp.cpp">
      <Filter>UTILITY</Filter>
    </ClCompile>
    <ClCompile Include="$(MSBuildThisFileDirectory)wiGUI.cpp">
      <Filter>ENGINE\System</Filter>
    </ClCompile>
    <ClCompile Include="$(MSBuildThisFileDirectory)wiConfig.cpp">
      <Filter>ENGINE\Helpers</Filter>
    </ClCompile>
    <ClCompile Include="$(MSBuildThisFileDirectory)wiTerrain.cpp">
      <Filter>ENGINE\Graphics</Filter>
    </ClCompile>
    <ClCompile Include="$(MSBuildThisFileDirectory)wiScene_Components.cpp">
      <Filter>ENGINE\System</Filter>
    </ClCompile>
    <ClCompile Include="$(MSBuildThisFileDirectory)wiLocalization.cpp">
      <Filter>ENGINE\Helpers</Filter>
    </ClCompile>
    <ClCompile Include="$(MSBuildThisFileDirectory)Utility\pugixml.cpp">
      <Filter>UTILITY</Filter>
    </ClCompile>
    <ClCompile Include="$(MSBuildThisFileDirectory)wiVideo.cpp">
      <Filter>ENGINE\Video</Filter>
    </ClCompile>
    <ClCompile Include="$(MSBuildThisFileDirectory)Utility\lodepng.cpp">
      <Filter>UTILITY</Filter>
    </ClCompile>
    <ClCompile Include="$(MSBuildThisFileDirectory)wiVoxelGrid.cpp">
      <Filter>ENGINE\Helpers</Filter>
    </ClCompile>
    <ClCompile Include="$(MSBuildThisFileDirectory)wiPathQuery.cpp">
      <Filter>ENGINE\Helpers</Filter>
    </ClCompile>
    <ClCompile Include="$(MSBuildThisFileDirectory)wiTrailRenderer.cpp">
      <Filter>ENGINE\Graphics</Filter>
    </ClCompile>
    <ClCompile Include="$(MSBuildThisFileDirectory)Utility\meshoptimizer\allocator.cpp">
      <Filter>UTILITY\meshoptimizer</Filter>
    </ClCompile>
    <ClCompile Include="$(MSBuildThisFileDirectory)Utility\meshoptimizer\clusterizer.cpp">
      <Filter>UTILITY\meshoptimizer</Filter>
    </ClCompile>
    <ClCompile Include="$(MSBuildThisFileDirectory)Utility\meshoptimizer\indexcodec.cpp">
      <Filter>UTILITY\meshoptimizer</Filter>
    </ClCompile>
    <ClCompile Include="$(MSBuildThisFileDirectory)Utility\meshoptimizer\indexgenerator.cpp">
      <Filter>UTILITY\meshoptimizer</Filter>
    </ClCompile>
    <ClCompile Include="$(MSBuildThisFileDirectory)Utility\meshoptimizer\overdrawoptimizer.cpp">
      <Filter>UTILITY\meshoptimizer</Filter>
    </ClCompile>
    <ClCompile Include="$(MSBuildThisFileDirectory)Utility\meshoptimizer\quantization.cpp">
      <Filter>UTILITY\meshoptimizer</Filter>
    </ClCompile>
    <ClCompile Include="$(MSBuildThisFileDirectory)Utility\meshoptimizer\simplifier.cpp">
      <Filter>UTILITY\meshoptimizer</Filter>
    </ClCompile>
    <ClCompile Include="$(MSBuildThisFileDirectory)Utility\meshoptimizer\spatialorder.cpp">
      <Filter>UTILITY\meshoptimizer</Filter>
    </ClCompile>
    <ClCompile Include="$(MSBuildThisFileDirectory)Utility\meshoptimizer\stripifier.cpp">
      <Filter>UTILITY\meshoptimizer</Filter>
    </ClCompile>
    <ClCompile Include="$(MSBuildThisFileDirectory)Utility\meshoptimizer\vcacheoptimizer.cpp">
      <Filter>UTILITY\meshoptimizer</Filter>
    </ClCompile>
    <ClCompile Include="$(MSBuildThisFileDirectory)Utility\meshoptimizer\vertexcodec.cpp">
      <Filter>UTILITY\meshoptimizer</Filter>
    </ClCompile>
    <ClCompile Include="$(MSBuildThisFileDirectory)Utility\meshoptimizer\vertexfilter.cpp">
      <Filter>UTILITY\meshoptimizer</Filter>
    </ClCompile>
    <ClCompile Include="$(MSBuildThisFileDirectory)Utility\meshoptimizer\vfetchoptimizer.cpp">
      <Filter>UTILITY\meshoptimizer</Filter>
    </ClCompile>
    <ClCompile Include="$(MSBuildThisFileDirectory)Utility\offsetAllocator.cpp">
      <Filter>UTILITY</Filter>
    </ClCompile>
    <ClCompile Include="$(MSBuildThisFileDirectory)Utility\meshoptimizer\indexanalyzer.cpp">
      <Filter>UTILITY\meshoptimizer</Filter>
    </ClCompile>
    <ClCompile Include="$(MSBuildThisFileDirectory)Utility\meshoptimizer\partition.cpp">
      <Filter>UTILITY\meshoptimizer</Filter>
    </ClCompile>
    <ClCompile Include="$(MSBuildThisFileDirectory)Utility\meshoptimizer\rasterizer.cpp">
      <Filter>UTILITY\meshoptimizer</Filter>
    </ClCompile>
    <ClCompile Include="$(MSBuildThisFileDirectory)Utility\spirv_reflect.c">
      <Filter>UTILITY</Filter>
    </ClCompile>
    <ClCompile Include="$(MSBuildThisFileDirectory)wiGaussianSplatModel.cpp">
      <Filter>ENGINE\Graphics</Filter>
    </ClCompile>
    <ClCompile Include="$(MSBuildThisFileDirectory)Utility\meshoptimizer\meshletcodec.cpp">
      <Filter>UTILITY\meshoptimizer</Filter>
    </ClCompile>
    <ClCompile Include="$(MSBuildThisFileDirectory)Utility\meshoptimizer\meshletutils.cpp">
      <Filter>UTILITY\meshoptimizer</Filter>
    </ClCompile>
    <ClCompile Include="$(MSBuildThisFileDirectory)Utility\meshoptimizer\opacitymap.cpp">
      <Filter>UTILITY\meshoptimizer</Filter>
    </ClCompile>
    <ClCompile Include="$(MSBuildThisFileDirectory)Utility\meshoptimizer\tangentspace.cpp">
      <Filter>UTILITY\meshoptimizer</Filter>
    </ClCompile>
  </ItemGroup>
  <ItemGroup>
    <None Include="$(MSBuildThisFileDirectory)Utility\DirectXCollision.inl">
      <Filter>UTILITY</Filter>
    </None>
    <None Include="$(MSBuildThisFileDirectory)Utility\DirectXMathConvert.inl">
      <Filter>UTILITY</Filter>
    </None>
    <None Include="$(MSBuildThisFileDirectory)Utility\DirectXMathMatrix.inl">
      <Filter>UTILITY</Filter>
    </None>
    <None Include="$(MSBuildThisFileDirectory)Utility\DirectXMathMisc.inl">
      <Filter>UTILITY</Filter>
    </None>
    <None Include="$(MSBuildThisFileDirectory)Utility\DirectXMathVector.inl">
      <Filter>UTILITY</Filter>
    </None>
    <None Include="$(MSBuildThisFileDirectory)Utility\DirectXPackedVector.inl">
      <Filter>UTILITY</Filter>
    </None>
  </ItemGroup>
  <ItemGroup>
    <Text Include="$(MSBuildThisFileDirectory)ArchiveVersionHistory.txt" />
    <Text Include="$(MSBuildThisFileDirectory)Utility\meshoptimizer\CMakeLists.txt">
      <Filter>UTILITY\meshoptimizer</Filter>
    </Text>
  </ItemGroup>
</Project>